
Microsoft Visual Studio Solution File, Format Version 12.00
# Visual Studio Version 17
VisualStudioVersion = 17.14.36310.24 d17.14
MinimumVisualStudioVersion = 10.0.40219.1
Project("{FAE04EC0-301F-11D3-BF4B-00C04F79EFBC}") = "977AWrongSubtraction", "977AWrongSubtraction\977AWrongSubtraction.csproj", "{78C691AF-7E3B-4562-B15A-B839B04B0F26}"
EndProject
Global
	GlobalSection(SolutionConfigurationPlatforms) = preSolution
		Debug|Any CPU = Debug|Any CPU
		Release|Any CPU = Release|Any CPU
	EndGlobalSection
	GlobalSection(ProjectConfigurationPlatforms) = postSolution
		{78C691AF-7E3B-4562-B15A-B839B04B0F26}.Debug|Any CPU.ActiveCfg = Debug|Any CPU
		{78C691AF-7E3B-4562-B15A-B839B04B0F26}.Debug|Any CPU.Build.0 = Debug|Any CPU
		{78C691AF-7E3B-4562-B15A-B839B04B0F26}.Release|Any CPU.ActiveCfg = Release|Any CPU
		{78C691AF-7E3B-4562-B15A-B839B04B0F26}.Release|Any CPU.Build.0 = Release|Any CPU
	EndGlobalSection
	GlobalSection(SolutionProperties) = preSolution
		HideSolutionNode = FALSE
	EndGlobalSection
	GlobalSection(ExtensibilityGlobals) = postSolution
		SolutionGuid = {4E97B01D-8AC0-4CC0-B3CA-927E3FAFFDAD}
	EndGlobalSection
EndGlobal
