
Microsoft Visual Studio Solution File, Format Version 12.00
# Visual Studio Version 17
VisualStudioVersion = 17.14.36301.6 d17.14
MinimumVisualStudioVersion = 10.0.40219.1
Project("{FAE04EC0-301F-11D3-BF4B-00C04F79EFBC}") = "546ASoldierAndBananas", "546ASoldierAndBananas\546ASoldierAndBananas.csproj", "{12BC3F2A-0BBC-40F4-A0DC-06A5AA4FCB2D}"
EndProject
Global
	GlobalSection(SolutionConfigurationPlatforms) = preSolution
		Debug|Any CPU = Debug|Any CPU
		Release|Any CPU = Release|Any CPU
	EndGlobalSection
	GlobalSection(ProjectConfigurationPlatforms) = postSolution
		{12BC3F2A-0BBC-40F4-A0DC-06A5AA4FCB2D}.Debug|Any CPU.ActiveCfg = Debug|Any CPU
		{12BC3F2A-0BBC-40F4-A0DC-06A5AA4FCB2D}.Debug|Any CPU.Build.0 = Debug|Any CPU
		{12BC3F2A-0BBC-40F4-A0DC-06A5AA4FCB2D}.Release|Any CPU.ActiveCfg = Release|Any CPU
		{12BC3F2A-0BBC-40F4-A0DC-06A5AA4FCB2D}.Release|Any CPU.Build.0 = Release|Any CPU
	EndGlobalSection
	GlobalSection(SolutionProperties) = preSolution
		HideSolutionNode = FALSE
	EndGlobalSection
	GlobalSection(ExtensibilityGlobals) = postSolution
		SolutionGuid = {286E049E-2A90-4F88-8604-87024FF13432}
	EndGlobalSection
EndGlobal
