
Microsoft Visual Studio Solution File, Format Version 12.00
# Visual Studio Version 17
VisualStudioVersion = 17.14.36301.6 d17.14
MinimumVisualStudioVersion = 10.0.40219.1
Project("{FAE04EC0-301F-11D3-BF4B-00C04F79EFBC}") = "281AWordCapitalization", "281AWordCapitalization\281AWordCapitalization.csproj", "{45B4AB56-F433-4CA6-8180-D522AF809FDC}"
EndProject
Global
	GlobalSection(SolutionConfigurationPlatforms) = preSolution
		Debug|Any CPU = Debug|Any CPU
		Release|Any CPU = Release|Any CPU
	EndGlobalSection
	GlobalSection(ProjectConfigurationPlatforms) = postSolution
		{45B4AB56-F433-4CA6-8180-D522AF809FDC}.Debug|Any CPU.ActiveCfg = Debug|Any CPU
		{45B4AB56-F433-4CA6-8180-D522AF809FDC}.Debug|Any CPU.Build.0 = Debug|Any CPU
		{45B4AB56-F433-4CA6-8180-D522AF809FDC}.Release|Any CPU.ActiveCfg = Release|Any CPU
		{45B4AB56-F433-4CA6-8180-D522AF809FDC}.Release|Any CPU.Build.0 = Release|Any CPU
	EndGlobalSection
	GlobalSection(SolutionProperties) = preSolution
		HideSolutionNode = FALSE
	EndGlobalSection
	GlobalSection(ExtensibilityGlobals) = postSolution
		SolutionGuid = {241AAF85-06A0-4AE1-8689-4759D06876D2}
	EndGlobalSection
EndGlobal
