
Microsoft Visual Studio Solution File, Format Version 12.00
# Visual Studio Version 17
VisualStudioVersion = 17.14.36301.6 d17.14
MinimumVisualStudioVersion = 10.0.40219.1
Project("{FAE04EC0-301F-11D3-BF4B-00C04F79EFBC}") = "617AElephant", "617AElephant\617AElephant.csproj", "{8A3614B0-0BBE-49A1-B1E1-74E4DA62B6B3}"
EndProject
Global
	GlobalSection(SolutionConfigurationPlatforms) = preSolution
		Debug|Any CPU = Debug|Any CPU
		Release|Any CPU = Release|Any CPU
	EndGlobalSection
	GlobalSection(ProjectConfigurationPlatforms) = postSolution
		{8A3614B0-0BBE-49A1-B1E1-74E4DA62B6B3}.Debug|Any CPU.ActiveCfg = Debug|Any CPU
		{8A3614B0-0BBE-49A1-B1E1-74E4DA62B6B3}.Debug|Any CPU.Build.0 = Debug|Any CPU
		{8A3614B0-0BBE-49A1-B1E1-74E4DA62B6B3}.Release|Any CPU.ActiveCfg = Release|Any CPU
		{8A3614B0-0BBE-49A1-B1E1-74E4DA62B6B3}.Release|Any CPU.Build.0 = Release|Any CPU
	EndGlobalSection
	GlobalSection(SolutionProperties) = preSolution
		HideSolutionNode = FALSE
	EndGlobalSection
	GlobalSection(ExtensibilityGlobals) = postSolution
		SolutionGuid = {311445D0-5D16-47A3-98A0-CB8251022CA8}
	EndGlobalSection
EndGlobal
