
Microsoft Visual Studio Solution File, Format Version 12.00
# Visual Studio Version 17
VisualStudioVersion = 17.14.36301.6 d17.14
MinimumVisualStudioVersion = 10.0.40219.1
Project("{FAE04EC0-301F-11D3-BF4B-00C04F79EFBC}") = "263ABeautifulMatrix", "263ABeautifulMatrix\263ABeautifulMatrix.csproj", "{BC6F6191-7068-4045-AA94-E11DD314651C}"
EndProject
Global
	GlobalSection(SolutionConfigurationPlatforms) = preSolution
		Debug|Any CPU = Debug|Any CPU
		Release|Any CPU = Release|Any CPU
	EndGlobalSection
	GlobalSection(ProjectConfigurationPlatforms) = postSolution
		{BC6F6191-7068-4045-AA94-E11DD314651C}.Debug|Any CPU.ActiveCfg = Debug|Any CPU
		{BC6F6191-7068-4045-AA94-E11DD314651C}.Debug|Any CPU.Build.0 = Debug|Any CPU
		{BC6F6191-7068-4045-AA94-E11DD314651C}.Release|Any CPU.ActiveCfg = Release|Any CPU
		{BC6F6191-7068-4045-AA94-E11DD314651C}.Release|Any CPU.Build.0 = Release|Any CPU
	EndGlobalSection
	GlobalSection(SolutionProperties) = preSolution
		HideSolutionNode = FALSE
	EndGlobalSection
	GlobalSection(ExtensibilityGlobals) = postSolution
		SolutionGuid = {B636A94C-A890-4854-8E16-24C72A3075F4}
	EndGlobalSection
EndGlobal
