
Microsoft Visual Studio Solution File, Format Version 12.00
# Visual Studio Version 17
VisualStudioVersion = 17.14.36301.6 d17.14
MinimumVisualStudioVersion = 10.0.40219.1
Project("{FAE04EC0-301F-11D3-BF4B-00C04F79EFBC}") = "71A_WayTooLongWords", "71A_WayTooLongWords\71A_WayTooLongWords.csproj", "{4EFAB823-4294-4AAC-ACDA-AD492A791F2D}"
EndProject
Global
	GlobalSection(SolutionConfigurationPlatforms) = preSolution
		Debug|Any CPU = Debug|Any CPU
		Release|Any CPU = Release|Any CPU
	EndGlobalSection
	GlobalSection(ProjectConfigurationPlatforms) = postSolution
		{4EFAB823-4294-4AAC-ACDA-AD492A791F2D}.Debug|Any CPU.ActiveCfg = Debug|Any CPU
		{4EFAB823-4294-4AAC-ACDA-AD492A791F2D}.Debug|Any CPU.Build.0 = Debug|Any CPU
		{4EFAB823-4294-4AAC-ACDA-AD492A791F2D}.Release|Any CPU.ActiveCfg = Release|Any CPU
		{4EFAB823-4294-4AAC-ACDA-AD492A791F2D}.Release|Any CPU.Build.0 = Release|Any CPU
	EndGlobalSection
	GlobalSection(SolutionProperties) = preSolution
		HideSolutionNode = FALSE
	EndGlobalSection
	GlobalSection(ExtensibilityGlobals) = postSolution
		SolutionGuid = {B6B44E85-BE27-46BF-A534-258BB96795AE}
	EndGlobalSection
EndGlobal
