
Microsoft Visual Studio Solution File, Format Version 12.00
# Visual Studio Version 17
VisualStudioVersion = 17.14.36301.6 d17.14
MinimumVisualStudioVersion = 10.0.40219.1
Project("{FAE04EC0-301F-11D3-BF4B-00C04F79EFBC}") = "282ABit++", "282ABit++\282ABit++.csproj", "{2B15C786-47AA-47B4-B085-9D0E593A0180}"
EndProject
Global
	GlobalSection(SolutionConfigurationPlatforms) = preSolution
		Debug|Any CPU = Debug|Any CPU
		Release|Any CPU = Release|Any CPU
	EndGlobalSection
	GlobalSection(ProjectConfigurationPlatforms) = postSolution
		{2B15C786-47AA-47B4-B085-9D0E593A0180}.Debug|Any CPU.ActiveCfg = Debug|Any CPU
		{2B15C786-47AA-47B4-B085-9D0E593A0180}.Debug|Any CPU.Build.0 = Debug|Any CPU
		{2B15C786-47AA-47B4-B085-9D0E593A0180}.Release|Any CPU.ActiveCfg = Release|Any CPU
		{2B15C786-47AA-47B4-B085-9D0E593A0180}.Release|Any CPU.Build.0 = Release|Any CPU
	EndGlobalSection
	GlobalSection(SolutionProperties) = preSolution
		HideSolutionNode = FALSE
	EndGlobalSection
	GlobalSection(ExtensibilityGlobals) = postSolution
		SolutionGuid = {E5E9DEA5-CEE2-4125-B9CE-6C231F1AFA96}
	EndGlobalSection
EndGlobal
